// !$*UTF8*$!
{
	archiveVersion = 1;
	classes = {
	};
	objectVersion = 46;
	objects = {

/* Begin PBXBuildFile section */
		77113CC78E7EE892DF0A8809 /* libPods.a in Frameworks */ = {isa = PBXBuildFile; fileRef = 174FD94BB88C45F626FC237E /* libPods.a */; };
		8217BBF41CB9181A00C9F8C8 /* LXNetworkKit+Search.m in Sources */ = {isa = PBXBuildFile; fileRef = 8217BBF31CB9181A00C9F8C8 /* LXNetworkKit+Search.m */; };
		8235E0631C9B9D9900DF8EA2 /* main.m in Sources */ = {isa = PBXBuildFile; fileRef = 8235E0621C9B9D9900DF8EA2 /* main.m */; };
		8235E0661C9B9D9900DF8EA2 /* AppDelegate.m in Sources */ = {isa = PBXBuildFile; fileRef = 8235E0651C9B9D9900DF8EA2 /* AppDelegate.m */; };
		8235E06C1C9B9D9900DF8EA2 /* Main.storyboard in Resources */ = {isa = PBXBuildFile; fileRef = 8235E06A1C9B9D9900DF8EA2 /* Main.storyboard */; };
		8235E0711C9B9D9900DF8EA2 /* LaunchScreen.storyboard in Resources */ = {isa = PBXBuildFile; fileRef = 8235E06F1C9B9D9900DF8EA2 /* LaunchScreen.storyboard */; };
		8235E07A1C9B9FC400DF8EA2 /* HomePage.storyboard in Resources */ = {isa = PBXBuildFile; fileRef = 8235E0781C9B9FC400DF8EA2 /* HomePage.storyboard */; };
		8235E07D1C9B9FDE00DF8EA2 /* FavouritePage.storyboard in Resources */ = {isa = PBXBuildFile; fileRef = 8235E07B1C9B9FDE00DF8EA2 /* FavouritePage.storyboard */; };
		8235E0801C9BA00000DF8EA2 /* ContactsPage.storyboard in Resources */ = {isa = PBXBuildFile; fileRef = 8235E07E1C9BA00000DF8EA2 /* ContactsPage.storyboard */; };
		8235E0AD1C9BA2CD00DF8EA2 /* HomePageViewController.m in Sources */ = {isa = PBXBuildFile; fileRef = 8235E0AC1C9BA2CD00DF8EA2 /* HomePageViewController.m */; };
		8235E0B01C9BA2EF00DF8EA2 /* FavourotePageViewController.m in Sources */ = {isa = PBXBuildFile; fileRef = 8235E0AF1C9BA2EF00DF8EA2 /* FavourotePageViewController.m */; };
		8235E0B31C9BA30400DF8EA2 /* ContactsPageViewController.m in Sources */ = {isa = PBXBuildFile; fileRef = 8235E0B21C9BA30400DF8EA2 /* ContactsPageViewController.m */; };
		8235E0CB1C9FE30F00DF8EA2 /* ContactsViewModel.m in Sources */ = {isa = PBXBuildFile; fileRef = 8235E0CA1C9FE30F00DF8EA2 /* ContactsViewModel.m */; };
		82A43AF11CB0F65E0004B5EB /* LXViewModel.m in Sources */ = {isa = PBXBuildFile; fileRef = 82A43AF01CB0F65E0004B5EB /* LXViewModel.m */; };
		82A43AF51CB0F8F20004B5EB /* LXViewModelService.m in Sources */ = {isa = PBXBuildFile; fileRef = 82A43AF41CB0F8F20004B5EB /* LXViewModelService.m */; };
		82A43AF71CB530ED0004B5EB /* Assets.xcassets in Resources */ = {isa = PBXBuildFile; fileRef = 82A43AF61CB530ED0004B5EB /* Assets.xcassets */; };
		82A43AFB1CB546EB0004B5EB /* HomePageViewModel.m in Sources */ = {isa = PBXBuildFile; fileRef = 82A43AFA1CB546EB0004B5EB /* HomePageViewModel.m */; };
		82A43B0A1CB791590004B5EB /* CityData.plist in Resources */ = {isa = PBXBuildFile; fileRef = 82A43AFE1CB791580004B5EB /* CityData.plist */; };
		82A43B0B1CB791590004B5EB /* TLCity.m in Sources */ = {isa = PBXBuildFile; fileRef = 82A43B001CB791580004B5EB /* TLCity.m */; };
		82A43B0C1CB791590004B5EB /* TLCityGroupCell.m in Sources */ = {isa = PBXBuildFile; fileRef = 82A43B021CB791580004B5EB /* TLCityGroupCell.m */; };
		82A43B0D1CB791590004B5EB /* TLCityHeaderView.m in Sources */ = {isa = PBXBuildFile; fileRef = 82A43B041CB791580004B5EB /* TLCityHeaderView.m */; };
		82A43B0E1CB791590004B5EB /* TLCityPickerController.m in Sources */ = {isa = PBXBuildFile; fileRef = 82A43B061CB791580004B5EB /* TLCityPickerController.m */; };
		82A43B0F1CB791590004B5EB /* TLCityPickerSearchResultController.m in Sources */ = {isa = PBXBuildFile; fileRef = 82A43B091CB791580004B5EB /* TLCityPickerSearchResultController.m */; };
		82D086F21CBA0AF100ECB73B /* SearchResultModel.m in Sources */ = {isa = PBXBuildFile; fileRef = 82D086F11CBA0AF100ECB73B /* SearchResultModel.m */; };
		82D086F51CBA0CF200ECB73B /* SubPathModel.m in Sources */ = {isa = PBXBuildFile; fileRef = 82D086F41CBA0CF200ECB73B /* SubPathModel.m */; };
		82D086F81CBA226900ECB73B /* PathModel.m in Sources */ = {isa = PBXBuildFile; fileRef = 82D086F71CBA226900ECB73B /* PathModel.m */; };
		82D086FB1CBA313D00ECB73B /* SearchResultViewController.m in Sources */ = {isa = PBXBuildFile; fileRef = 82D086FA1CBA313D00ECB73B /* SearchResultViewController.m */; };
		82D0870F1CBA33FD00ECB73B /* DLLRUCache.m in Sources */ = {isa = PBXBuildFile; fileRef = 82D087001CBA33FD00ECB73B /* DLLRUCache.m */; };
		82D087101CBA33FD00ECB73B /* DLCustomSlideView.m in Sources */ = {isa = PBXBuildFile; fileRef = 82D087021CBA33FD00ECB73B /* DLCustomSlideView.m */; };
		82D087111CBA33FD00ECB73B /* DLSlideView.m in Sources */ = {isa = PBXBuildFile; fileRef = 82D087041CBA33FD00ECB73B /* DLSlideView.m */; };
		82D087121CBA33FD00ECB73B /* DLFixedTabbarView.m in Sources */ = {isa = PBXBuildFile; fileRef = 82D087071CBA33FD00ECB73B /* DLFixedTabbarView.m */; };
		82D087131CBA33FD00ECB73B /* DLScrollTabbarView.m in Sources */ = {isa = PBXBuildFile; fileRef = 82D087091CBA33FD00ECB73B /* DLScrollTabbarView.m */; };
		82D087141CBA33FD00ECB73B /* DLTabedSlideView.m in Sources */ = {isa = PBXBuildFile; fileRef = 82D0870C1CBA33FD00ECB73B /* DLTabedSlideView.m */; };
		82D087151CBA33FD00ECB73B /* DLUtility.m in Sources */ = {isa = PBXBuildFile; fileRef = 82D0870E1CBA33FD00ECB73B /* DLUtility.m */; };
		82D087181CBA36E600ECB73B /* SearchResultTableViewController.m in Sources */ = {isa = PBXBuildFile; fileRef = 82D087171CBA36E600ECB73B /* SearchResultTableViewController.m */; };
		82E4AFC71CA2796A00B9D608 /* RegisterViewController.m in Sources */ = {isa = PBXBuildFile; fileRef = 82E4AFC51CA2796A00B9D608 /* RegisterViewController.m */; };
		82E4AFC81CA2796A00B9D608 /* RegisterViewController.xib in Resources */ = {isa = PBXBuildFile; fileRef = 82E4AFC61CA2796A00B9D608 /* RegisterViewController.xib */; };
		82E4AFD21CA2C90C00B9D608 /* LXNetworkKit.m in Sources */ = {isa = PBXBuildFile; fileRef = 82E4AFD11CA2C90C00B9D608 /* LXNetworkKit.m */; };
		82E4AFD51CA2CB8F00B9D608 /* LXNetworkKit+Login.m in Sources */ = {isa = PBXBuildFile; fileRef = 82E4AFD41CA2CB8F00B9D608 /* LXNetworkKit+Login.m */; };
		82E4AFEC1CA7AB4000B9D608 /* RegisterViewModel.m in Sources */ = {isa = PBXBuildFile; fileRef = 82E4AFEB1CA7AB4000B9D608 /* RegisterViewModel.m */; };
		82E4AFF21CA95DCC00B9D608 /* User.m in Sources */ = {isa = PBXBuildFile; fileRef = 82E4AFF11CA95DCC00B9D608 /* User.m */; };
		82E4AFF51CA9625400B9D608 /* ContactsTableViewController.m in Sources */ = {isa = PBXBuildFile; fileRef = 82E4AFF41CA9625400B9D608 /* ContactsTableViewController.m */; };
		82E4AFF91CA9686400B9D608 /* LXUtil.m in Sources */ = {isa = PBXBuildFile; fileRef = 82E4AFF81CA9686400B9D608 /* LXUtil.m */; };
/* End PBXBuildFile section */

/* Begin PBXFileReference section */
		06CD5CEABA542A6AEB29CA53 /* Pods.release.xcconfig */ = {isa = PBXFileReference; includeInIndex = 1; lastKnownFileType = text.xcconfig; name = Pods.release.xcconfig; path = "Pods/Target Support Files/Pods/Pods.release.xcconfig"; sourceTree = "<group>"; };
		174FD94BB88C45F626FC237E /* libPods.a */ = {isa = PBXFileReference; explicitFileType = archive.ar; includeInIndex = 0; path = libPods.a; sourceTree = BUILT_PRODUCTS_DIR; };
		4D77B45FFC214F8D8318277A /* Pods.debug.xcconfig */ = {isa = PBXFileReference; includeInIndex = 1; lastKnownFileType = text.xcconfig; name = Pods.debug.xcconfig; path = "Pods/Target Support Files/Pods/Pods.debug.xcconfig"; sourceTree = "<group>"; };
		8217BBF21CB9181A00C9F8C8 /* LXNetworkKit+Search.h */ = {isa = PBXFileReference; fileEncoding = 4; lastKnownFileType = sourcecode.c.h; path = "LXNetworkKit+Search.h"; sourceTree = "<group>"; };
		8217BBF31CB9181A00C9F8C8 /* LXNetworkKit+Search.m */ = {isa = PBXFileReference; fileEncoding = 4; lastKnownFileType = sourcecode.c.objc; path = "LXNetworkKit+Search.m"; sourceTree = "<group>"; };
		8235E05E1C9B9D9900DF8EA2 /* 出行.app */ = {isa = PBXFileReference; explicitFileType = wrapper.application; includeInIndex = 0; path = "出行.app"; sourceTree = BUILT_PRODUCTS_DIR; };
		8235E0621C9B9D9900DF8EA2 /* main.m */ = {isa = PBXFileReference; lastKnownFileType = sourcecode.c.objc; path = main.m; sourceTree = "<group>"; };
		8235E0641C9B9D9900DF8EA2 /* AppDelegate.h */ = {isa = PBXFileReference; lastKnownFileType = sourcecode.c.h; path = AppDelegate.h; sourceTree = "<group>"; };
		8235E0651C9B9D9900DF8EA2 /* AppDelegate.m */ = {isa = PBXFileReference; lastKnownFileType = sourcecode.c.objc; path = AppDelegate.m; sourceTree = "<group>"; };
		8235E06B1C9B9D9900DF8EA2 /* Base */ = {isa = PBXFileReference; lastKnownFileType = file.storyboard; name = Base; path = Base.lproj/Main.storyboard; sourceTree = "<group>"; };
		8235E0701C9B9D9900DF8EA2 /* Base */ = {isa = PBXFileReference; lastKnownFileType = file.storyboard; name = Base; path = Base.lproj/LaunchScreen.storyboard; sourceTree = "<group>"; };
		8235E0721C9B9D9900DF8EA2 /* Info.plist */ = {isa = PBXFileReference; lastKnownFileType = text.plist.xml; path = Info.plist; sourceTree = "<group>"; };
		8235E0791C9B9FC400DF8EA2 /* Base */ = {isa = PBXFileReference; lastKnownFileType = file.storyboard; name = Base; path = Base.lproj/HomePage.storyboard; sourceTree = "<group>"; };
		8235E07C1C9B9FDE00DF8EA2 /* Base */ = {isa = PBXFileReference; lastKnownFileType = file.storyboard; name = Base; path = Base.lproj/FavouritePage.storyboard; sourceTree = "<group>"; };
		8235E07F1C9BA00000DF8EA2 /* Base */ = {isa = PBXFileReference; lastKnownFileType = file.storyboard; name = Base; path = Base.lproj/ContactsPage.storyboard; sourceTree = "<group>"; };
		8235E0AB1C9BA2CD00DF8EA2 /* HomePageViewController.h */ = {isa = PBXFileReference; fileEncoding = 4; lastKnownFileType = sourcecode.c.h; path = HomePageViewController.h; sourceTree = "<group>"; };
		8235E0AC1C9BA2CD00DF8EA2 /* HomePageViewController.m */ = {isa = PBXFileReference; fileEncoding = 4; lastKnownFileType = sourcecode.c.objc; path = HomePageViewController.m; sourceTree = "<group>"; };
		8235E0AE1C9BA2EF00DF8EA2 /* FavourotePageViewController.h */ = {isa = PBXFileReference; fileEncoding = 4; lastKnownFileType = sourcecode.c.h; path = FavourotePageViewController.h; sourceTree = "<group>"; };
		8235E0AF1C9BA2EF00DF8EA2 /* FavourotePageViewController.m */ = {isa = PBXFileReference; fileEncoding = 4; lastKnownFileType = sourcecode.c.objc; path = FavourotePageViewController.m; sourceTree = "<group>"; };
		8235E0B11C9BA30400DF8EA2 /* ContactsPageViewController.h */ = {isa = PBXFileReference; fileEncoding = 4; lastKnownFileType = sourcecode.c.h; path = ContactsPageViewController.h; sourceTree = "<group>"; };
		8235E0B21C9BA30400DF8EA2 /* ContactsPageViewController.m */ = {isa = PBXFileReference; fileEncoding = 4; lastKnownFileType = sourcecode.c.objc; path = ContactsPageViewController.m; sourceTree = "<group>"; };
		8235E0C91C9FE30F00DF8EA2 /* ContactsViewModel.h */ = {isa = PBXFileReference; fileEncoding = 4; lastKnownFileType = sourcecode.c.h; path = ContactsViewModel.h; sourceTree = "<group>"; };
		8235E0CA1C9FE30F00DF8EA2 /* ContactsViewModel.m */ = {isa = PBXFileReference; fileEncoding = 4; lastKnownFileType = sourcecode.c.objc; path = ContactsViewModel.m; sourceTree = "<group>"; };
		82A43AEF1CB0F65E0004B5EB /* LXViewModel.h */ = {isa = PBXFileReference; fileEncoding = 4; lastKnownFileType = sourcecode.c.h; path = LXViewModel.h; sourceTree = "<group>"; };
		82A43AF01CB0F65E0004B5EB /* LXViewModel.m */ = {isa = PBXFileReference; fileEncoding = 4; lastKnownFileType = sourcecode.c.objc; path = LXViewModel.m; sourceTree = "<group>"; };
		82A43AF21CB0F6EF0004B5EB /* LXNavigationProtocol.h */ = {isa = PBXFileReference; fileEncoding = 4; lastKnownFileType = sourcecode.c.h; path = LXNavigationProtocol.h; sourceTree = "<group>"; };
		82A43AF31CB0F8F20004B5EB /* LXViewModelService.h */ = {isa = PBXFileReference; fileEncoding = 4; lastKnownFileType = sourcecode.c.h; path = LXViewModelService.h; sourceTree = "<group>"; };
		82A43AF41CB0F8F20004B5EB /* LXViewModelService.m */ = {isa = PBXFileReference; fileEncoding = 4; lastKnownFileType = sourcecode.c.objc; path = LXViewModelService.m; sourceTree = "<group>"; };
		82A43AF61CB530ED0004B5EB /* Assets.xcassets */ = {isa = PBXFileReference; lastKnownFileType = folder.assetcatalog; path = Assets.xcassets; sourceTree = "<group>"; };
		82A43AF91CB546EB0004B5EB /* HomePageViewModel.h */ = {isa = PBXFileReference; fileEncoding = 4; lastKnownFileType = sourcecode.c.h; path = HomePageViewModel.h; sourceTree = "<group>"; };
		82A43AFA1CB546EB0004B5EB /* HomePageViewModel.m */ = {isa = PBXFileReference; fileEncoding = 4; lastKnownFileType = sourcecode.c.objc; path = HomePageViewModel.m; sourceTree = "<group>"; };
		82A43AFE1CB791580004B5EB /* CityData.plist */ = {isa = PBXFileReference; fileEncoding = 4; lastKnownFileType = text.plist.xml; path = CityData.plist; sourceTree = "<group>"; };
		82A43AFF1CB791580004B5EB /* TLCity.h */ = {isa = PBXFileReference; fileEncoding = 4; lastKnownFileType = sourcecode.c.h; path = TLCity.h; sourceTree = "<group>"; };
		82A43B001CB791580004B5EB /* TLCity.m */ = {isa = PBXFileReference; fileEncoding = 4; lastKnownFileType = sourcecode.c.objc; path = TLCity.m; sourceTree = "<group>"; };
		82A43B011CB791580004B5EB /* TLCityGroupCell.h */ = {isa = PBXFileReference; fileEncoding = 4; lastKnownFileType = sourcecode.c.h; path = TLCityGroupCell.h; sourceTree = "<group>"; };
		82A43B021CB791580004B5EB /* TLCityGroupCell.m */ = {isa = PBXFileReference; fileEncoding = 4; lastKnownFileType = sourcecode.c.objc; path = TLCityGroupCell.m; sourceTree = "<group>"; };
		82A43B031CB791580004B5EB /* TLCityHeaderView.h */ = {isa = PBXFileReference; fileEncoding = 4; lastKnownFileType = sourcecode.c.h; path = TLCityHeaderView.h; sourceTree = "<group>"; };
		82A43B041CB791580004B5EB /* TLCityHeaderView.m */ = {isa = PBXFileReference; fileEncoding = 4; lastKnownFileType = sourcecode.c.objc; path = TLCityHeaderView.m; sourceTree = "<group>"; };
		82A43B051CB791580004B5EB /* TLCityPickerController.h */ = {isa = PBXFileReference; fileEncoding = 4; lastKnownFileType = sourcecode.c.h; path = TLCityPickerController.h; sourceTree = "<group>"; };
		82A43B061CB791580004B5EB /* TLCityPickerController.m */ = {isa = PBXFileReference; fileEncoding = 4; lastKnownFileType = sourcecode.c.objc; path = TLCityPickerController.m; sourceTree = "<group>"; };
		82A43B071CB791580004B5EB /* TLCityPickerDelegate.h */ = {isa = PBXFileReference; fileEncoding = 4; lastKnownFileType = sourcecode.c.h; path = TLCityPickerDelegate.h; sourceTree = "<group>"; };
		82A43B081CB791580004B5EB /* TLCityPickerSearchResultController.h */ = {isa = PBXFileReference; fileEncoding = 4; lastKnownFileType = sourcecode.c.h; path = TLCityPickerSearchResultController.h; sourceTree = "<group>"; };
		82A43B091CB791580004B5EB /* TLCityPickerSearchResultController.m */ = {isa = PBXFileReference; fileEncoding = 4; lastKnownFileType = sourcecode.c.objc; path = TLCityPickerSearchResultController.m; sourceTree = "<group>"; };
		82D086F01CBA0AF100ECB73B /* SearchResultModel.h */ = {isa = PBXFileReference; fileEncoding = 4; lastKnownFileType = sourcecode.c.h; path = SearchResultModel.h; sourceTree = "<group>"; };
		82D086F11CBA0AF100ECB73B /* SearchResultModel.m */ = {isa = PBXFileReference; fileEncoding = 4; lastKnownFileType = sourcecode.c.objc; path = SearchResultModel.m; sourceTree = "<group>"; };
		82D086F31CBA0CF200ECB73B /* SubPathModel.h */ = {isa = PBXFileReference; fileEncoding = 4; lastKnownFileType = sourcecode.c.h; path = SubPathModel.h; sourceTree = "<group>"; };
		82D086F41CBA0CF200ECB73B /* SubPathModel.m */ = {isa = PBXFileReference; fileEncoding = 4; lastKnownFileType = sourcecode.c.objc; path = SubPathModel.m; sourceTree = "<group>"; };
		82D086F61CBA226900ECB73B /* PathModel.h */ = {isa = PBXFileReference; fileEncoding = 4; lastKnownFileType = sourcecode.c.h; path = PathModel.h; sourceTree = "<group>"; };
		82D086F71CBA226900ECB73B /* PathModel.m */ = {isa = PBXFileReference; fileEncoding = 4; lastKnownFileType = sourcecode.c.objc; path = PathModel.m; sourceTree = "<group>"; };
		82D086F91CBA313D00ECB73B /* SearchResultViewController.h */ = {isa = PBXFileReference; fileEncoding = 4; lastKnownFileType = sourcecode.c.h; path = SearchResultViewController.h; sourceTree = "<group>"; };
		82D086FA1CBA313D00ECB73B /* SearchResultViewController.m */ = {isa = PBXFileReference; fileEncoding = 4; lastKnownFileType = sourcecode.c.objc; path = SearchResultViewController.m; sourceTree = "<group>"; };
		82D086FE1CBA33FD00ECB73B /* DLCacheProtocol.h */ = {isa = PBXFileReference; fileEncoding = 4; lastKnownFileType = sourcecode.c.h; path = DLCacheProtocol.h; sourceTree = "<group>"; };
		82D086FF1CBA33FD00ECB73B /* DLLRUCache.h */ = {isa = PBXFileReference; fileEncoding = 4; lastKnownFileType = sourcecode.c.h; path = DLLRUCache.h; sourceTree = "<group>"; };
		82D087001CBA33FD00ECB73B /* DLLRUCache.m */ = {isa = PBXFileReference; fileEncoding = 4; lastKnownFileType = sourcecode.c.objc; path = DLLRUCache.m; sourceTree = "<group>"; };
		82D087011CBA33FD00ECB73B /* DLCustomSlideView.h */ = {isa = PBXFileReference; fileEncoding = 4; lastKnownFileType = sourcecode.c.h; path = DLCustomSlideView.h; sourceTree = "<group>"; };
		82D087021CBA33FD00ECB73B /* DLCustomSlideView.m */ = {isa = PBXFileReference; fileEncoding = 4; lastKnownFileType = sourcecode.c.objc; path = DLCustomSlideView.m; sourceTree = "<group>"; };
		82D087031CBA33FD00ECB73B /* DLSlideView.h */ = {isa = PBXFileReference; fileEncoding = 4; lastKnownFileType = sourcecode.c.h; path = DLSlideView.h; sourceTree = "<group>"; };
		82D087041CBA33FD00ECB73B /* DLSlideView.m */ = {isa = PBXFileReference; fileEncoding = 4; lastKnownFileType = sourcecode.c.objc; path = DLSlideView.m; sourceTree = "<group>"; };
		82D087061CBA33FD00ECB73B /* DLFixedTabbarView.h */ = {isa = PBXFileReference; fileEncoding = 4; lastKnownFileType = sourcecode.c.h; path = DLFixedTabbarView.h; sourceTree = "<group>"; };
		82D087071CBA33FD00ECB73B /* DLFixedTabbarView.m */ = {isa = PBXFileReference; fileEncoding = 4; lastKnownFileType = sourcecode.c.objc; path = DLFixedTabbarView.m; sourceTree = "<group>"; };
		82D087081CBA33FD00ECB73B /* DLScrollTabbarView.h */ = {isa = PBXFileReference; fileEncoding = 4; lastKnownFileType = sourcecode.c.h; path = DLScrollTabbarView.h; sourceTree = "<group>"; };
		82D087091CBA33FD00ECB73B /* DLScrollTabbarView.m */ = {isa = PBXFileReference; fileEncoding = 4; lastKnownFileType = sourcecode.c.objc; path = DLScrollTabbarView.m; sourceTree = "<group>"; };
		82D0870A1CBA33FD00ECB73B /* DLSlideTabbarProtocol.h */ = {isa = PBXFileReference; fileEncoding = 4; lastKnownFileType = sourcecode.c.h; path = DLSlideTabbarProtocol.h; sourceTree = "<group>"; };
		82D0870B1CBA33FD00ECB73B /* DLTabedSlideView.h */ = {isa = PBXFileReference; fileEncoding = 4; lastKnownFileType = sourcecode.c.h; path = DLTabedSlideView.h; sourceTree = "<group>"; };
		82D0870C1CBA33FD00ECB73B /* DLTabedSlideView.m */ = {isa = PBXFileReference; fileEncoding = 4; lastKnownFileType = sourcecode.c.objc; path = DLTabedSlideView.m; sourceTree = "<group>"; };
		82D0870D1CBA33FD00ECB73B /* DLUtility.h */ = {isa = PBXFileReference; fileEncoding = 4; lastKnownFileType = sourcecode.c.h; path = DLUtility.h; sourceTree = "<group>"; };
		82D0870E1CBA33FD00ECB73B /* DLUtility.m */ = {isa = PBXFileReference; fileEncoding = 4; lastKnownFileType = sourcecode.c.objc; path = DLUtility.m; sourceTree = "<group>"; };
		82D087161CBA36E600ECB73B /* SearchResultTableViewController.h */ = {isa = PBXFileReference; fileEncoding = 4; lastKnownFileType = sourcecode.c.h; path = SearchResultTableViewController.h; sourceTree = "<group>"; };
		82D087171CBA36E600ECB73B /* SearchResultTableViewController.m */ = {isa = PBXFileReference; fileEncoding = 4; lastKnownFileType = sourcecode.c.objc; path = SearchResultTableViewController.m; sourceTree = "<group>"; };
		82E4AFC41CA2796A00B9D608 /* RegisterViewController.h */ = {isa = PBXFileReference; fileEncoding = 4; lastKnownFileType = sourcecode.c.h; path = RegisterViewController.h; sourceTree = "<group>"; };
		82E4AFC51CA2796A00B9D608 /* RegisterViewController.m */ = {isa = PBXFileReference; fileEncoding = 4; lastKnownFileType = sourcecode.c.objc; path = RegisterViewController.m; sourceTree = "<group>"; };
		82E4AFC61CA2796A00B9D608 /* RegisterViewController.xib */ = {isa = PBXFileReference; fileEncoding = 4; lastKnownFileType = file.xib; path = RegisterViewController.xib; sourceTree = "<group>"; };
		82E4AFD01CA2C90C00B9D608 /* LXNetworkKit.h */ = {isa = PBXFileReference; fileEncoding = 4; lastKnownFileType = sourcecode.c.h; path = LXNetworkKit.h; sourceTree = "<group>"; };
		82E4AFD11CA2C90C00B9D608 /* LXNetworkKit.m */ = {isa = PBXFileReference; fileEncoding = 4; lastKnownFileType = sourcecode.c.objc; path = LXNetworkKit.m; sourceTree = "<group>"; };
		82E4AFD31CA2CB8F00B9D608 /* LXNetworkKit+Login.h */ = {isa = PBXFileReference; fileEncoding = 4; lastKnownFileType = sourcecode.c.h; path = "LXNetworkKit+Login.h"; sourceTree = "<group>"; };
		82E4AFD41CA2CB8F00B9D608 /* LXNetworkKit+Login.m */ = {isa = PBXFileReference; fileEncoding = 4; lastKnownFileType = sourcecode.c.objc; path = "LXNetworkKit+Login.m"; sourceTree = "<group>"; };
		82E4AFEA1CA7AB4000B9D608 /* RegisterViewModel.h */ = {isa = PBXFileReference; fileEncoding = 4; lastKnownFileType = sourcecode.c.h; path = RegisterViewModel.h; sourceTree = "<group>"; };
		82E4AFEB1CA7AB4000B9D608 /* RegisterViewModel.m */ = {isa = PBXFileReference; fileEncoding = 4; lastKnownFileType = sourcecode.c.objc; path = RegisterViewModel.m; sourceTree = "<group>"; };
		82E4AFF01CA95DCC00B9D608 /* User.h */ = {isa = PBXFileReference; fileEncoding = 4; lastKnownFileType = sourcecode.c.h; path = User.h; sourceTree = "<group>"; };
		82E4AFF11CA95DCC00B9D608 /* User.m */ = {isa = PBXFileReference; fileEncoding = 4; lastKnownFileType = sourcecode.c.objc; path = User.m; sourceTree = "<group>"; };
		82E4AFF31CA9625400B9D608 /* ContactsTableViewController.h */ = {isa = PBXFileReference; fileEncoding = 4; lastKnownFileType = sourcecode.c.h; path = ContactsTableViewController.h; sourceTree = "<group>"; };
		82E4AFF41CA9625400B9D608 /* ContactsTableViewController.m */ = {isa = PBXFileReference; fileEncoding = 4; lastKnownFileType = sourcecode.c.objc; path = ContactsTableViewController.m; sourceTree = "<group>"; };
		82E4AFF71CA9686400B9D608 /* LXUtil.h */ = {isa = PBXFileReference; fileEncoding = 4; lastKnownFileType = sourcecode.c.h; path = LXUtil.h; sourceTree = "<group>"; };
		82E4AFF81CA9686400B9D608 /* LXUtil.m */ = {isa = PBXFileReference; fileEncoding = 4; lastKnownFileType = sourcecode.c.objc; path = LXUtil.m; sourceTree = "<group>"; };
/* End PBXFileReference section */

/* Begin PBXFrameworksBuildPhase section */
		8235E05B1C9B9D9800DF8EA2 /* Frameworks */ = {
			isa = PBXFrameworksBuildPhase;
			buildActionMask = 2147483647;
			files = (
				77113CC78E7EE892DF0A8809 /* libPods.a in Frameworks */,
			);
			runOnlyForDeploymentPostprocessing = 0;
		};
/* End PBXFrameworksBuildPhase section */

/* Begin PBXGroup section */
		15D9D5958DA7AC9B02B19DBA /* Frameworks */ = {
			isa = PBXGroup;
			children = (
				174FD94BB88C45F626FC237E /* libPods.a */,
			);
			name = Frameworks;
			sourceTree = "<group>";
		};
		771A710F044E8ECB8169930B /* Pods */ = {
			isa = PBXGroup;
			children = (
				4D77B45FFC214F8D8318277A /* Pods.debug.xcconfig */,
				06CD5CEABA542A6AEB29CA53 /* Pods.release.xcconfig */,
			);
			name = Pods;
			sourceTree = "<group>";
		};
		8235E0551C9B9D9800DF8EA2 = {
			isa = PBXGroup;
			children = (
				8235E0601C9B9D9900DF8EA2 /* 出行 */,
				8235E05F1C9B9D9900DF8EA2 /* Products */,
				771A710F044E8ECB8169930B /* Pods */,
				15D9D5958DA7AC9B02B19DBA /* Frameworks */,
			);
			sourceTree = "<group>";
		};
		8235E05F1C9B9D9900DF8EA2 /* Products */ = {
			isa = PBXGroup;
			children = (
				8235E05E1C9B9D9900DF8EA2 /* 出行.app */,
			);
			name = Products;
			sourceTree = "<group>";
		};
		8235E0601C9B9D9900DF8EA2 /* 出行 */ = {
			isa = PBXGroup;
			children = (
				82D086FC1CBA33FD00ECB73B /* DLSlideView */,
				82A43AFD1CB791580004B5EB /* TLCityPicker */,
				8235E0641C9B9D9900DF8EA2 /* AppDelegate.h */,
				8235E0651C9B9D9900DF8EA2 /* AppDelegate.m */,
				82E4AFF61CA9684F00B9D608 /* Util */,
				82E4AFEF1CA95DBA00B9D608 /* Model */,
				8235E0C81C9FE2EC00DF8EA2 /* ViewModel */,
				82E4AFEE1CA7CF0400B9D608 /* View */,
				82E4AFCF1CA2C3FB00B9D608 /* Network */,
				8235E0A71C9BA23300DF8EA2 /* StoryBoards */,
				8235E06F1C9B9D9900DF8EA2 /* LaunchScreen.storyboard */,
				8235E0721C9B9D9900DF8EA2 /* Info.plist */,
				82A43AF61CB530ED0004B5EB /* Assets.xcassets */,
				8235E0611C9B9D9900DF8EA2 /* Supporting Files */,
			);
			path = "出行";
			sourceTree = "<group>";
		};
		8235E0611C9B9D9900DF8EA2 /* Supporting Files */ = {
			isa = PBXGroup;
			children = (
				8235E0621C9B9D9900DF8EA2 /* main.m */,
			);
			name = "Supporting Files";
			sourceTree = "<group>";
		};
		8235E0A71C9BA23300DF8EA2 /* StoryBoards */ = {
			isa = PBXGroup;
			children = (
				8235E0781C9B9FC400DF8EA2 /* HomePage.storyboard */,
				8235E07B1C9B9FDE00DF8EA2 /* FavouritePage.storyboard */,
				8235E07E1C9BA00000DF8EA2 /* ContactsPage.storyboard */,
				8235E06A1C9B9D9900DF8EA2 /* Main.storyboard */,
			);
			name = StoryBoards;
			sourceTree = "<group>";
		};
		8235E0A81C9BA25C00DF8EA2 /* HomePageViewControllers */ = {
			isa = PBXGroup;
			children = (
				82A43AF81CB546D70004B5EB /* ViewModel */,
				8235E0AB1C9BA2CD00DF8EA2 /* HomePageViewController.h */,
				8235E0AC1C9BA2CD00DF8EA2 /* HomePageViewController.m */,
				82D086F91CBA313D00ECB73B /* SearchResultViewController.h */,
				82D086FA1CBA313D00ECB73B /* SearchResultViewController.m */,
				82D087161CBA36E600ECB73B /* SearchResultTableViewController.h */,
				82D087171CBA36E600ECB73B /* SearchResultTableViewController.m */,
			);
			name = HomePageViewControllers;
			sourceTree = "<group>";
		};
		8235E0A91C9BA26D00DF8EA2 /* FavouritePageControllers */ = {
			isa = PBXGroup;
			children = (
				8235E0AE1C9BA2EF00DF8EA2 /* FavourotePageViewController.h */,
				8235E0AF1C9BA2EF00DF8EA2 /* FavourotePageViewController.m */,
			);
			name = FavouritePageControllers;
			sourceTree = "<group>";
		};
		8235E0AA1C9BA28200DF8EA2 /* ContactsPageViewControllers */ = {
			isa = PBXGroup;
			children = (
				82A43AFC1CB5496C0004B5EB /* ViewModel */,
				82E4AFF31CA9625400B9D608 /* ContactsTableViewController.h */,
				82E4AFF41CA9625400B9D608 /* ContactsTableViewController.m */,
				8235E0B11C9BA30400DF8EA2 /* ContactsPageViewController.h */,
				8235E0B21C9BA30400DF8EA2 /* ContactsPageViewController.m */,
				82E4AFC41CA2796A00B9D608 /* RegisterViewController.h */,
				82E4AFC51CA2796A00B9D608 /* RegisterViewController.m */,
				82E4AFC61CA2796A00B9D608 /* RegisterViewController.xib */,
			);
			name = ContactsPageViewControllers;
			sourceTree = "<group>";
		};
		8235E0C81C9FE2EC00DF8EA2 /* ViewModel */ = {
			isa = PBXGroup;
			children = (
				82A43AEF1CB0F65E0004B5EB /* LXViewModel.h */,
				82A43AF01CB0F65E0004B5EB /* LXViewModel.m */,
			);
			name = ViewModel;
			sourceTree = "<group>";
		};
		82A43AF81CB546D70004B5EB /* ViewModel */ = {
			isa = PBXGroup;
			children = (
				82A43AF91CB546EB0004B5EB /* HomePageViewModel.h */,
				82A43AFA1CB546EB0004B5EB /* HomePageViewModel.m */,
			);
			name = ViewModel;
			sourceTree = "<group>";
		};
		82A43AFC1CB5496C0004B5EB /* ViewModel */ = {
			isa = PBXGroup;
			children = (
				8235E0C91C9FE30F00DF8EA2 /* ContactsViewModel.h */,
				8235E0CA1C9FE30F00DF8EA2 /* ContactsViewModel.m */,
				82E4AFEA1CA7AB4000B9D608 /* RegisterViewModel.h */,
				82E4AFEB1CA7AB4000B9D608 /* RegisterViewModel.m */,
			);
			name = ViewModel;
			sourceTree = "<group>";
		};
		82A43AFD1CB791580004B5EB /* TLCityPicker */ = {
			isa = PBXGroup;
			children = (
				82A43AFE1CB791580004B5EB /* CityData.plist */,
				82A43AFF1CB791580004B5EB /* TLCity.h */,
				82A43B001CB791580004B5EB /* TLCity.m */,
				82A43B011CB791580004B5EB /* TLCityGroupCell.h */,
				82A43B021CB791580004B5EB /* TLCityGroupCell.m */,
				82A43B031CB791580004B5EB /* TLCityHeaderView.h */,
				82A43B041CB791580004B5EB /* TLCityHeaderView.m */,
				82A43B051CB791580004B5EB /* TLCityPickerController.h */,
				82A43B061CB791580004B5EB /* TLCityPickerController.m */,
				82A43B071CB791580004B5EB /* TLCityPickerDelegate.h */,
				82A43B081CB791580004B5EB /* TLCityPickerSearchResultController.h */,
				82A43B091CB791580004B5EB /* TLCityPickerSearchResultController.m */,
			);
			path = TLCityPicker;
			sourceTree = "<group>";
		};
		82D086FC1CBA33FD00ECB73B /* DLSlideView */ = {
			isa = PBXGroup;
			children = (
				82D086FD1CBA33FD00ECB73B /* DLCache */,
				82D087011CBA33FD00ECB73B /* DLCustomSlideView.h */,
				82D087021CBA33FD00ECB73B /* DLCustomSlideView.m */,
				82D087031CBA33FD00ECB73B /* DLSlideView.h */,
				82D087041CBA33FD00ECB73B /* DLSlideView.m */,
				82D087051CBA33FD00ECB73B /* DLTabbarView */,
				82D0870B1CBA33FD00ECB73B /* DLTabedSlideView.h */,
				82D0870C1CBA33FD00ECB73B /* DLTabedSlideView.m */,
				82D0870D1CBA33FD00ECB73B /* DLUtility.h */,
				82D0870E1CBA33FD00ECB73B /* DLUtility.m */,
			);
			path = DLSlideView;
			sourceTree = "<group>";
		};
		82D086FD1CBA33FD00ECB73B /* DLCache */ = {
			isa = PBXGroup;
			children = (
				82D086FE1CBA33FD00ECB73B /* DLCacheProtocol.h */,
				82D086FF1CBA33FD00ECB73B /* DLLRUCache.h */,
				82D087001CBA33FD00ECB73B /* DLLRUCache.m */,
			);
			path = DLCache;
			sourceTree = "<group>";
		};
		82D087051CBA33FD00ECB73B /* DLTabbarView */ = {
			isa = PBXGroup;
			children = (
				82D087061CBA33FD00ECB73B /* DLFixedTabbarView.h */,
				82D087071CBA33FD00ECB73B /* DLFixedTabbarView.m */,
				82D087081CBA33FD00ECB73B /* DLScrollTabbarView.h */,
				82D087091CBA33FD00ECB73B /* DLScrollTabbarView.m */,
				82D0870A1CBA33FD00ECB73B /* DLSlideTabbarProtocol.h */,
			);
			path = DLTabbarView;
			sourceTree = "<group>";
		};
		82E4AFCF1CA2C3FB00B9D608 /* Network */ = {
			isa = PBXGroup;
			children = (
				82E4AFD01CA2C90C00B9D608 /* LXNetworkKit.h */,
				82E4AFD11CA2C90C00B9D608 /* LXNetworkKit.m */,
				82E4AFD31CA2CB8F00B9D608 /* LXNetworkKit+Login.h */,
				82E4AFD41CA2CB8F00B9D608 /* LXNetworkKit+Login.m */,
				8217BBF21CB9181A00C9F8C8 /* LXNetworkKit+Search.h */,
				8217BBF31CB9181A00C9F8C8 /* LXNetworkKit+Search.m */,
			);
			name = Network;
			sourceTree = "<group>";
		};
		82E4AFEE1CA7CF0400B9D608 /* View */ = {
			isa = PBXGroup;
			children = (
				8235E0AA1C9BA28200DF8EA2 /* ContactsPageViewControllers */,
				8235E0A91C9BA26D00DF8EA2 /* FavouritePageControllers */,
				8235E0A81C9BA25C00DF8EA2 /* HomePageViewControllers */,
			);
			name = View;
			sourceTree = "<group>";
		};
		82E4AFEF1CA95DBA00B9D608 /* Model */ = {
			isa = PBXGroup;
			children = (
				82E4AFF01CA95DCC00B9D608 /* User.h */,
				82E4AFF11CA95DCC00B9D608 /* User.m */,
				82D086F01CBA0AF100ECB73B /* SearchResultModel.h */,
				82D086F11CBA0AF100ECB73B /* SearchResultModel.m */,
				82D086F61CBA226900ECB73B /* PathModel.h */,
				82D086F71CBA226900ECB73B /* PathModel.m */,
				82D086F31CBA0CF200ECB73B /* SubPathModel.h */,
				82D086F41CBA0CF200ECB73B /* SubPathModel.m */,
			);
			name = Model;
			sourceTree = "<group>";
		};
		82E4AFF61CA9684F00B9D608 /* Util */ = {
			isa = PBXGroup;
			children = (
				82E4AFF71CA9686400B9D608 /* LXUtil.h */,
				82E4AFF81CA9686400B9D608 /* LXUtil.m */,
				82A43AF21CB0F6EF0004B5EB /* LXNavigationProtocol.h */,
				82A43AF31CB0F8F20004B5EB /* LXViewModelService.h */,
				82A43AF41CB0F8F20004B5EB /* LXViewModelService.m */,
			);
			name = Util;
			sourceTree = "<group>";
		};
/* End PBXGroup section */

/* Begin PBXNativeTarget section */
		8235E05D1C9B9D9800DF8EA2 /* 出行 */ = {
			isa = PBXNativeTarget;
			buildConfigurationList = 8235E0751C9B9D9900DF8EA2 /* Build configuration list for PBXNativeTarget "出行" */;
			buildPhases = (
				73CF034F0DEAF673D697B1E1 /* Check Pods Manifest.lock */,
				8235E05A1C9B9D9800DF8EA2 /* Sources */,
				8235E05B1C9B9D9800DF8EA2 /* Frameworks */,
				8235E05C1C9B9D9800DF8EA2 /* Resources */,
				773A6D32093C7FE8D43222E6 /* Embed Pods Frameworks */,
				9EDE187156FAE41B6430EA63 /* Copy Pods Resources */,
			);
			buildRules = (
			);
			dependencies = (
			);
			name = "出行";
			productName = "出行";
			productReference = 8235E05E1C9B9D9900DF8EA2 /* 出行.app */;
			productType = "com.apple.product-type.application";
		};
/* End PBXNativeTarget section */

/* Begin PBXProject section */
		8235E0561C9B9D9800DF8EA2 /* Project object */ = {
			isa = PBXProject;
			attributes = {
				LastUpgradeCheck = 0720;
				ORGANIZATIONNAME = Kee;
				TargetAttributes = {
					8235E05D1C9B9D9800DF8EA2 = {
						CreatedOnToolsVersion = 7.2.1;
						DevelopmentTeam = 45TB9X2TQK;
					};
				};
			};
			buildConfigurationList = 8235E0591C9B9D9800DF8EA2 /* Build configuration list for PBXProject "出行" */;
			compatibilityVersion = "Xcode 3.2";
			developmentRegion = English;
			hasScannedForEncodings = 0;
			knownRegions = (
				en,
				Base,
			);
			mainGroup = 8235E0551C9B9D9800DF8EA2;
			productRefGroup = 8235E05F1C9B9D9900DF8EA2 /* Products */;
			projectDirPath = "";
			projectRoot = "";
			targets = (
				8235E05D1C9B9D9800DF8EA2 /* 出行 */,
			);
		};
/* End PBXProject section */

/* Begin PBXResourcesBuildPhase section */
		8235E05C1C9B9D9800DF8EA2 /* Resources */ = {
			isa = PBXResourcesBuildPhase;
			buildActionMask = 2147483647;
			files = (
				8235E07A1C9B9FC400DF8EA2 /* HomePage.storyboard in Resources */,
				8235E0711C9B9D9900DF8EA2 /* LaunchScreen.storyboard in Resources */,
				82E4AFC81CA2796A00B9D608 /* RegisterViewController.xib in Resources */,
				82A43B0A1CB791590004B5EB /* CityData.plist in Resources */,
				8235E0801C9BA00000DF8EA2 /* ContactsPage.storyboard in Resources */,
				82A43AF71CB530ED0004B5EB /* Assets.xcassets in Resources */,
				8235E07D1C9B9FDE00DF8EA2 /* FavouritePage.storyboard in Resources */,
				8235E06C1C9B9D9900DF8EA2 /* Main.storyboard in Resources */,
			);
			runOnlyForDeploymentPostprocessing = 0;
		};
/* End PBXResourcesBuildPhase section */

/* Begin PBXShellScriptBuildPhase section */
		73CF034F0DEAF673D697B1E1 /* Check Pods Manifest.lock */ = {
			isa = PBXShellScriptBuildPhase;
			buildActionMask = 2147483647;
			files = (
			);
			inputPaths = (
			);
			name = "Check Pods Manifest.lock";
			outputPaths = (
			);
			runOnlyForDeploymentPostprocessing = 0;
			shellPath = /bin/sh;
			shellScript = "diff \"${PODS_ROOT}/../Podfile.lock\" \"${PODS_ROOT}/Manifest.lock\" > /dev/null\nif [[ $? != 0 ]] ; then\n    cat << EOM\nerror: The sandbox is not in sync with the Podfile.lock. Run 'pod install' or update your CocoaPods installation.\nEOM\n    exit 1\nfi\n";
			showEnvVarsInLog = 0;
		};
		773A6D32093C7FE8D43222E6 /* Embed Pods Frameworks */ = {
			isa = PBXShellScriptBuildPhase;
			buildActionMask = 2147483647;
			files = (
			);
			inputPaths = (
			);
			name = "Embed Pods Frameworks";
			outputPaths = (
			);
			runOnlyForDeploymentPostprocessing = 0;
			shellPath = /bin/sh;
			shellScript = "\"${SRCROOT}/Pods/Target Support Files/Pods/Pods-frameworks.sh\"\n";
			showEnvVarsInLog = 0;
		};
		9EDE187156FAE41B6430EA63 /* Copy Pods Resources */ = {
			isa = PBXShellScriptBuildPhase;
			buildActionMask = 2147483647;
			files = (
			);
			inputPaths = (
			);
			name = "Copy Pods Resources";
			outputPaths = (
			);
			runOnlyForDeploymentPostprocessing = 0;
			shellPath = /bin/sh;
			shellScript = "\"${SRCROOT}/Pods/Target Support Files/Pods/Pods-resources.sh\"\n";
			showEnvVarsInLog = 0;
		};
/* End PBXShellScriptBuildPhase section */

/* Begin PBXSourcesBuildPhase section */
		8235E05A1C9B9D9800DF8EA2 /* Sources */ = {
			isa = PBXSourcesBuildPhase;
			buildActionMask = 2147483647;
			files = (
				82A43AFB1CB546EB0004B5EB /* HomePageViewModel.m in Sources */,
				82A43AF11CB0F65E0004B5EB /* LXViewModel.m in Sources */,
				8235E0661C9B9D9900DF8EA2 /* AppDelegate.m in Sources */,
				82D087121CBA33FD00ECB73B /* DLFixedTabbarView.m in Sources */,
				8235E0CB1C9FE30F00DF8EA2 /* ContactsViewModel.m in Sources */,
				82E4AFF51CA9625400B9D608 /* ContactsTableViewController.m in Sources */,
				82D086F81CBA226900ECB73B /* PathModel.m in Sources */,
				8235E0631C9B9D9900DF8EA2 /* main.m in Sources */,
				8235E0AD1C9BA2CD00DF8EA2 /* HomePageViewController.m in Sources */,
				82D087141CBA33FD00ECB73B /* DLTabedSlideView.m in Sources */,
				82E4AFC71CA2796A00B9D608 /* RegisterViewController.m in Sources */,
				82E4AFEC1CA7AB4000B9D608 /* RegisterViewModel.m in Sources */,
				8217BBF41CB9181A00C9F8C8 /* LXNetworkKit+Search.m in Sources */,
				82E4AFF21CA95DCC00B9D608 /* User.m in Sources */,
				82D087131CBA33FD00ECB73B /* DLScrollTabbarView.m in Sources */,
				82D086F21CBA0AF100ECB73B /* SearchResultModel.m in Sources */,
				82A43B0B1CB791590004B5EB /* TLCity.m in Sources */,
				82E4AFD51CA2CB8F00B9D608 /* LXNetworkKit+Login.m in Sources */,
				82A43B0F1CB791590004B5EB /* TLCityPickerSearchResultController.m in Sources */,
				82A43B0D1CB791590004B5EB /* TLCityHeaderView.m in Sources */,
				82A43B0C1CB791590004B5EB /* TLCityGroupCell.m in Sources */,
				82D086F51CBA0CF200ECB73B /* SubPathModel.m in Sources */,
				82A43AF51CB0F8F20004B5EB /* LXViewModelService.m in Sources */,
				8235E0B01C9BA2EF00DF8EA2 /* FavourotePageViewController.m in Sources */,
				82D086FB1CBA313D00ECB73B /* SearchResultViewController.m in Sources */,
				82D087111CBA33FD00ECB73B /* DLSlideView.m in Sources */,
				82D087151CBA33FD00ECB73B /* DLUtility.m in Sources */,
				8235E0B31C9BA30400DF8EA2 /* ContactsPageViewController.m in Sources */,
				82D0870F1CBA33FD00ECB73B /* DLLRUCache.m in Sources */,
				82E4AFF91CA9686400B9D608 /* LXUtil.m in Sources */,
				82D087101CBA33FD00ECB73B /* DLCustomSlideView.m in Sources */,
				82A43B0E1CB791590004B5EB /* TLCityPickerController.m in Sources */,
				82D087181CBA36E600ECB73B /* SearchResultTableViewController.m in Sources */,
				82E4AFD21CA2C90C00B9D608 /* LXNetworkKit.m in Sources */,
			);
			runOnlyForDeploymentPostprocessing = 0;
		};
/* End PBXSourcesBuildPhase section */

/* Begin PBXVariantGroup section */
		8235E06A1C9B9D9900DF8EA2 /* Main.storyboard */ = {
			isa = PBXVariantGroup;
			children = (
				8235E06B1C9B9D9900DF8EA2 /* Base */,
			);
			name = Main.storyboard;
			sourceTree = "<group>";
		};
		8235E06F1C9B9D9900DF8EA2 /* LaunchScreen.storyboard */ = {
			isa = PBXVariantGroup;
			children = (
				8235E0701C9B9D9900DF8EA2 /* Base */,
			);
			name = LaunchScreen.storyboard;
			sourceTree = "<group>";
		};
		8235E0781C9B9FC400DF8EA2 /* HomePage.storyboard */ = {
			isa = PBXVariantGroup;
			children = (
				8235E0791C9B9FC400DF8EA2 /* Base */,
			);
			name = HomePage.storyboard;
			sourceTree = "<group>";
		};
		8235E07B1C9B9FDE00DF8EA2 /* FavouritePage.storyboard */ = {
			isa = PBXVariantGroup;
			children = (
				8235E07C1C9B9FDE00DF8EA2 /* Base */,
			);
			name = FavouritePage.storyboard;
			sourceTree = "<group>";
		};
		8235E07E1C9BA00000DF8EA2 /* ContactsPage.storyboard */ = {
			isa = PBXVariantGroup;
			children = (
				8235E07F1C9BA00000DF8EA2 /* Base */,
			);
			name = ContactsPage.storyboard;
			sourceTree = "<group>";
		};
/* End PBXVariantGroup section */

/* Begin XCBuildConfiguration section */
		8235E0731C9B9D9900DF8EA2 /* Debug */ = {
			isa = XCBuildConfiguration;
			buildSettings = {
				ALWAYS_SEARCH_USER_PATHS = NO;
				CLANG_CXX_LANGUAGE_STANDARD = "gnu++0x";
				CLANG_CXX_LIBRARY = "libc++";
				CLANG_ENABLE_MODULES = YES;
				CLANG_ENABLE_OBJC_ARC = YES;
				CLANG_WARN_BOOL_CONVERSION = YES;
				CLANG_WARN_CONSTANT_CONVERSION = YES;
				CLANG_WARN_DIRECT_OBJC_ISA_USAGE = YES_ERROR;
				CLANG_WARN_EMPTY_BODY = YES;
				CLANG_WARN_ENUM_CONVERSION = YES;
				CLANG_WARN_INT_CONVERSION = YES;
				CLANG_WARN_OBJC_ROOT_CLASS = YES_ERROR;
				CLANG_WARN_UNREACHABLE_CODE = YES;
				CLANG_WARN__DUPLICATE_METHOD_MATCH = YES;
				"CODE_SIGN_IDENTITY[sdk=iphoneos*]" = "iPhone Developer";
				COPY_PHASE_STRIP = NO;
				DEBUG_INFORMATION_FORMAT = dwarf;
				ENABLE_STRICT_OBJC_MSGSEND = YES;
				ENABLE_TESTABILITY = YES;
				GCC_C_LANGUAGE_STANDARD = gnu99;
				GCC_DYNAMIC_NO_PIC = NO;
				GCC_NO_COMMON_BLOCKS = YES;
				GCC_OPTIMIZATION_LEVEL = 0;
				GCC_PREPROCESSOR_DEFINITIONS = (
					"DEBUG=1",
					"$(inherited)",
				);
				GCC_WARN_64_TO_32_BIT_CONVERSION = YES;
				GCC_WARN_ABOUT_RETURN_TYPE = YES_ERROR;
				GCC_WARN_UNDECLARED_SELECTOR = YES;
				GCC_WARN_UNINITIALIZED_AUTOS = YES_AGGRESSIVE;
				GCC_WARN_UNUSED_FUNCTION = YES;
				GCC_WARN_UNUSED_VARIABLE = YES;
				IPHONEOS_DEPLOYMENT_TARGET = 9.2;
				MTL_ENABLE_DEBUG_INFO = YES;
				ONLY_ACTIVE_ARCH = YES;
				SDKROOT = iphoneos;
			};
			name = Debug;
		};
		8235E0741C9B9D9900DF8EA2 /* Release */ = {
			isa = XCBuildConfiguration;
			buildSettings = {
				ALWAYS_SEARCH_USER_PATHS = NO;
				CLANG_CXX_LANGUAGE_STANDARD = "gnu++0x";
				CLANG_CXX_LIBRARY = "libc++";
				CLANG_ENABLE_MODULES = YES;
				CLANG_ENABLE_OBJC_ARC = YES;
				CLANG_WARN_BOOL_CONVERSION = YES;
				CLANG_WARN_CONSTANT_CONVERSION = YES;
				CLANG_WARN_DIRECT_OBJC_ISA_USAGE = YES_ERROR;
				CLANG_WARN_EMPTY_BODY = YES;
				CLANG_WARN_ENUM_CONVERSION = YES;
				CLANG_WARN_INT_CONVERSION = YES;
				CLANG_WARN_OBJC_ROOT_CLASS = YES_ERROR;
				CLANG_WARN_UNREACHABLE_CODE = YES;
				CLANG_WARN__DUPLICATE_METHOD_MATCH = YES;
				"CODE_SIGN_IDENTITY[sdk=iphoneos*]" = "iPhone Developer";
				COPY_PHASE_STRIP = NO;
				DEBUG_INFORMATION_FORMAT = "dwarf-with-dsym";
				ENABLE_NS_ASSERTIONS = NO;
				ENABLE_STRICT_OBJC_MSGSEND = YES;
				GCC_C_LANGUAGE_STANDARD = gnu99;
				GCC_NO_COMMON_BLOCKS = YES;
				GCC_WARN_64_TO_32_BIT_CONVERSION = YES;
				GCC_WARN_ABOUT_RETURN_TYPE = YES_ERROR;
				GCC_WARN_UNDECLARED_SELECTOR = YES;
				GCC_WARN_UNINITIALIZED_AUTOS = YES_AGGRESSIVE;
				GCC_WARN_UNUSED_FUNCTION = YES;
				GCC_WARN_UNUSED_VARIABLE = YES;
				IPHONEOS_DEPLOYMENT_TARGET = 9.2;
				MTL_ENABLE_DEBUG_INFO = NO;
				SDKROOT = iphoneos;
				VALIDATE_PRODUCT = YES;
			};
			name = Release;
		};
		8235E0761C9B9D9900DF8EA2 /* Debug */ = {
			isa = XCBuildConfiguration;
			baseConfigurationReference = 4D77B45FFC214F8D8318277A /* Pods.debug.xcconfig */;
			buildSettings = {
				ASSETCATALOG_COMPILER_APPICON_NAME = AppIcon;
				CODE_SIGN_IDENTITY = "iPhone Developer";
				"CODE_SIGN_IDENTITY[sdk=iphoneos*]" = "iPhone Developer";
				INFOPLIST_FILE = "出行/Info.plist";
				LD_RUNPATH_SEARCH_PATHS = "$(inherited) @executable_path/Frameworks";
				PRODUCT_BUNDLE_IDENTIFIER = "com.kee.--";
				PRODUCT_NAME = "$(TARGET_NAME)";
				PROVISIONING_PROFILE = "";
			};
			name = Debug;
		};
		8235E0771C9B9D9900DF8EA2 /* Release */ = {
			isa = XCBuildConfiguration;
			baseConfigurationReference = 06CD5CEABA542A6AEB29CA53 /* Pods.release.xcconfig */;
			buildSettings = {
				ASSETCATALOG_COMPILER_APPICON_NAME = AppIcon;
				CODE_SIGN_IDENTITY = "iPhone Developer";
				"CODE_SIGN_IDENTITY[sdk=iphoneos*]" = "iPhone Developer";
				INFOPLIST_FILE = "出行/Info.plist";
				LD_RUNPATH_SEARCH_PATHS = "$(inherited) @executable_path/Frameworks";
				PRODUCT_BUNDLE_IDENTIFIER = "com.kee.--";
				PRODUCT_NAME = "$(TARGET_NAME)";
				PROVISIONING_PROFILE = "";
			};
			name = Release;
		};
/* End XCBuildConfiguration section */

/* Begin XCConfigurationList section */
		8235E0591C9B9D9800DF8EA2 /* Build configuration list for PBXProject "出行" */ = {
			isa = XCConfigurationList;
			buildConfigurations = (
				8235E0731C9B9D9900DF8EA2 /* Debug */,
				8235E0741C9B9D9900DF8EA2 /* Release */,
			);
			defaultConfigurationIsVisible = 0;
			defaultConfigurationName = Release;
		};
		8235E0751C9B9D9900DF8EA2 /* Build configuration list for PBXNativeTarget "出行" */ = {
			isa = XCConfigurationList;
			buildConfigurations = (
				8235E0761C9B9D9900DF8EA2 /* Debug */,
				8235E0771C9B9D9900DF8EA2 /* Release */,
			);
			defaultConfigurationIsVisible = 0;
			defaultConfigurationName = Release;
		};
/* End XCConfigurationList section */
	};
	rootObject = 8235E0561C9B9D9800DF8EA2 /* Project object */;
}
